// !$*UTF8*$!
{
	archiveVersion = 1;
	classes = {
	};
	objectVersion = 50;
	objects = {

/* Begin PBXBuildFile section */
		18054A4222D6D78100325A26 /* AppDelegate.m in Sources */ = {isa = PBXBuildFile; fileRef = 18054A4122D6D78100325A26 /* AppDelegate.m */; };
		18054A4522D6D78100325A26 /* ViewController.m in Sources */ = {isa = PBXBuildFile; fileRef = 18054A4422D6D78100325A26 /* ViewController.m */; };
		18054A4822D6D78100325A26 /* Main.storyboard in Resources */ = {isa = PBXBuildFile; fileRef = 18054A4622D6D78100325A26 /* Main.storyboard */; };
		18054A4A22D6D78200325A26 /* Assets.xcassets in Resources */ = {isa = PBXBuildFile; fileRef = 18054A4922D6D78200325A26 /* Assets.xcassets */; };
		18054A4D22D6D78200325A26 /* LaunchScreen.storyboard in Resources */ = {isa = PBXBuildFile; fileRef = 18054A4B22D6D78200325A26 /* LaunchScreen.storyboard */; };
		18054A5022D6D78200325A26 /* main.m in Sources */ = {isa = PBXBuildFile; fileRef = 18054A4F22D6D78200325A26 /* main.m */; };
		18054A5722D6DDD800325A26 /* defaultAudio.mp3 in Resources */ = {isa = PBXBuildFile; fileRef = 18054A5622D6DDD800325A26 /* defaultAudio.mp3 */; };
/* End PBXBuildFile section */

/* Begin PBXFileReference section */
		18054A3D22D6D78100325A26 /* testAudio.app */ = {isa = PBXFileReference; explicitFileType = wrapper.application; includeInIndex = 0; path = testAudio.app; sourceTree = BUILT_PRODUCTS_DIR; };
		18054A4022D6D78100325A26 /* AppDelegate.h */ = {isa = PBXFileReference; lastKnownFileType = sourcecode.c.h; path = AppDelegate.h; sourceTree = "<group>"; };
		18054A4122D6D78100325A26 /* AppDelegate.m */ = {isa = PBXFileReference; lastKnownFileType = sourcecode.c.objc; path = AppDelegate.m; sourceTree = "<group>"; };
		18054A4322D6D78100325A26 /* ViewController.h */ = {isa = PBXFileReference; lastKnownFileType = sourcecode.c.h; path = ViewController.h; sourceTree = "<group>"; };
		18054A4422D6D78100325A26 /* ViewController.m */ = {isa = PBXFileReference; lastKnownFileType = sourcecode.c.objc; path = ViewController.m; sourceTree = "<group>"; };
		18054A4722D6D78100325A26 /* Base */ = {isa = PBXFileReference; lastKnownFileType = file.storyboard; name = Base; path = Base.lproj/Main.storyboard; sourceTree = "<group>"; };
		18054A4922D6D78200325A26 /* Assets.xcassets */ = {isa = PBXFileReference; lastKnownFileType = folder.assetcatalog; path = Assets.xcassets; sourceTree = "<group>"; };
		18054A4C22D6D78200325A26 /* Base */ = {isa = PBXFileReference; lastKnownFileType = file.storyboard; name = Base; path = Base.lproj/LaunchScreen.storyboard; sourceTree = "<group>"; };
		18054A4E22D6D78200325A26 /* Info.plist */ = {isa = PBXFileReference; lastKnownFileType = text.plist.xml; path = Info.plist; sourceTree = "<group>"; };
		18054A4F22D6D78200325A26 /* main.m */ = {isa = PBXFileReference; lastKnownFileType = sourcecode.c.objc; path = main.m; sourceTree = "<group>"; };
		18054A5622D6DDD800325A26 /* defaultAudio.mp3 */ = {isa = PBXFileReference; lastKnownFileType = audio.mp3; path = defaultAudio.mp3; sourceTree = "<group>"; };
/* End PBXFileReference section */

/* Begin PBXFrameworksBuildPhase section */
		18054A3A22D6D78100325A26 /* Frameworks */ = {
			isa = PBXFrameworksBuildPhase;
			buildActionMask = 2147483647;
			files = (
			);
			runOnlyForDeploymentPostprocessing = 0;
		};
/* End PBXFrameworksBuildPhase section */

/* Begin PBXGroup section */
		18054A3422D6D78100325A26 = {
			isa = PBXGroup;
			children = (
				18054A3F22D6D78100325A26 /* testAudio */,
				18054A3E22D6D78100325A26 /* Products */,
			);
			sourceTree = "<group>";
		};
		18054A3E22D6D78100325A26 /* Products */ = {
			isa = PBXGroup;
			children = (
				18054A3D22D6D78100325A26 /* testAudio.app */,
			);
			name = Products;
			sourceTree = "<group>";
		};
		18054A3F22D6D78100325A26 /* testAudio */ = {
			isa = PBXGroup;
			children = (
				18054A5622D6DDD800325A26 /* defaultAudio.mp3 */,
				18054A4022D6D78100325A26 /* AppDelegate.h */,
				18054A4122D6D78100325A26 /* AppDelegate.m */,
				18054A4322D6D78100325A26 /* ViewController.h */,
				18054A4422D6D78100325A26 /* ViewController.m */,
				18054A4622D6D78100325A26 /* Main.storyboard */,
				18054A4922D6D78200325A26 /* Assets.xcassets */,
				18054A4B22D6D78200325A26 /* LaunchScreen.storyboard */,
				18054A4E22D6D78200325A26 /* Info.plist */,
				18054A4F22D6D78200325A26 /* main.m */,
			);
			path = testAudio;
			sourceTree = "<group>";
		};
/* End PBXGroup section */

/* Begin PBXNativeTarget section */
		18054A3C22D6D78100325A26 /* testAudio */ = {
			isa = PBXNativeTarget;
			buildConfigurationList = 18054A5322D6D78200325A26 /* Build configuration list for PBXNativeTarget "testAudio" */;
			buildPhases = (
				18054A3922D6D78100325A26 /* Sources */,
				18054A3A22D6D78100325A26 /* Frameworks */,
				18054A3B22D6D78100325A26 /* Resources */,
			);
			buildRules = (
			);
			dependencies = (
			);
			name = testAudio;
			productName = testAudio;
			productReference = 18054A3D22D6D78100325A26 /* testAudio.app */;
			productType = "com.apple.product-type.application";
		};
/* End PBXNativeTarget section */

/* Begin PBXProject section */
		18054A3522D6D78100325A26 /* Project object */ = {
			isa = PBXProject;
			attributes = {
				LastUpgradeCheck = 1010;
				ORGANIZATIONNAME = Apple;
				TargetAttributes = {
					18054A3C22D6D78100325A26 = {
						CreatedOnToolsVersion = 10.1;
						SystemCapabilities = {
							com.apple.BackgroundModes = {
								enabled = 1;
							};
						};
					};
				};
			};
			buildConfigurationList = 18054A3822D6D78100325A26 /* Build configuration list for PBXProject "testAudio" */;
			compatibilityVersion = "Xcode 9.3";
			developmentRegion = en;
			hasScannedForEncodings = 0;
			knownRegions = (
				en,
				Base,
			);
			mainGroup = 18054A3422D6D78100325A26;
			productRefGroup = 18054A3E22D6D78100325A26 /* Products */;
			projectDirPath = "";
			projectRoot = "";
			targets = (
				18054A3C22D6D78100325A26 /* testAudio */,
			);
		};
/* End PBXProject section */

/* Begin PBXResourcesBuildPhase section */
		18054A3B22D6D78100325A26 /* Resources */ = {
			isa = PBXResourcesBuildPhase;
			buildActionMask = 2147483647;
			files = (
				18054A4D22D6D78200325A26 /* LaunchScreen.storyboard in Resources */,
				18054A5722D6DDD800325A26 /* defaultAudio.mp3 in Resources */,
				18054A4A22D6D78200325A26 /* Assets.xcassets in Resources */,
				18054A4822D6D78100325A26 /* Main.storyboard in Resources */,
			);
			runOnlyForDeploymentPostprocessing = 0;
		};
/* End PBXResourcesBuildPhase section */

/* Begin PBXSourcesBuildPhase section */
		18054A3922D6D78100325A26 /* Sources */ = {
			isa = PBXSourcesBuildPhase;
			buildActionMask = 2147483647;
			files = (
				18054A4522D6D78100325A26 /* ViewController.m in Sources */,
				18054A5022D6D78200325A26 /* main.m in Sources */,
				18054A4222D6D78100325A26 /* AppDelegate.m in Sources */,
			);
			runOnlyForDeploymentPostprocessing = 0;
		};
/* End PBXSourcesBuildPhase section */

/* Begin PBXVariantGroup section */
		18054A4622D6D78100325A26 /* Main.storyboard */ = {
			isa = PBXVariantGroup;
			children = (
				18054A4722D6D78100325A26 /* Base */,
			);
			name = Main.storyboard;
			sourceTree = "<group>";
		};
		18054A4B22D6D78200325A26 /* LaunchScreen.storyboard */ = {
			isa = PBXVariantGroup;
			children = (
				18054A4C22D6D78200325A26 /* Base */,
			);
			name = LaunchScreen.storyboard;
			sourceTree = "<group>";
		};
/* End PBXVariantGroup section */

/* Begin XCBuildConfiguration section */
		18054A5122D6D78200325A26 /* Debug */ = {
			isa = XCBuildConfiguration;
			buildSettings = {
				ALWAYS_SEARCH_USER_PATHS = NO;
				CLANG_ANALYZER_NONNULL = YES;
				CLANG_ANALYZER_NUMBER_OBJECT_CONVERSION = YES_AGGRESSIVE;
				CLANG_CXX_LANGUAGE_STANDARD = "gnu++14";
				CLANG_CXX_LIBRARY = "libc++";
				CLANG_ENABLE_MODULES = YES;
				CLANG_ENABLE_OBJC_ARC = YES;
				CLANG_ENABLE_OBJC_WEAK = YES;
				CLANG_WARN_BLOCK_CAPTURE_AUTORELEASING = YES;
				CLANG_WARN_BOOL_CONVERSION = YES;
				CLANG_WARN_COMMA = YES;
				CLANG_WARN_CONSTANT_CONVERSION = YES;
				CLANG_WARN_DEPRECATED_OBJC_IMPLEMENTATIONS = YES;
				CLANG_WARN_DIRECT_OBJC_ISA_USAGE = YES_ERROR;
				CLANG_WARN_DOCUMENTATION_COMMENTS = YES;
				CLANG_WARN_EMPTY_BODY = YES;
				CLANG_WARN_ENUM_CONVERSION = YES;
				CLANG_WARN_INFINITE_RECURSION = YES;
				CLANG_WARN_INT_CONVERSION = YES;
				CLANG_WARN_NON_LITERAL_NULL_CONVERSION = YES;
				CLANG_WARN_OBJC_IMPLICIT_RETAIN_SELF = YES;
				CLANG_WARN_OBJC_LITERAL_CONVERSION = YES;
				CLANG_WARN_OBJC_ROOT_CLASS = YES_ERROR;
				CLANG_WARN_RANGE_LOOP_ANALYSIS = YES;
				CLANG_WARN_STRICT_PROTOTYPES = YES;
				CLANG_WARN_SUSPICIOUS_MOVE = YES;
				CLANG_WARN_UNGUARDED_AVAILABILITY = YES_AGGRESSIVE;
				CLANG_WARN_UNREACHABLE_CODE = YES;
				CLANG_WARN__DUPLICATE_METHOD_MATCH = YES;
				CODE_SIGN_IDENTITY = "iPhone Developer";
				COPY_PHASE_STRIP = NO;
				DEBUG_INFORMATION_FORMAT = dwarf;
				ENABLE_STRICT_OBJC_MSGSEND = YES;
				ENABLE_TESTABILITY = YES;
				GCC_C_LANGUAGE_STANDARD = gnu11;
				GCC_DYNAMIC_NO_PIC = NO;
				GCC_NO_COMMON_BLOCKS = YES;
				GCC_OPTIMIZATION_LEVEL = 0;
				GCC_PREPROCESSOR_DEFINITIONS = (
					"DEBUG=1",
					"$(inherited)",
				);
				GCC_WARN_64_TO_32_BIT_CONVERSION = YES;
				GCC_WARN_ABOUT_RETURN_TYPE = YES_ERROR;
				GCC_WARN_UNDECLARED_SELECTOR = YES;
				GCC_WARN_UNINITIALIZED_AUTOS = YES_AGGRESSIVE;
				GCC_WARN_UNUSED_FUNCTION = YES;
				GCC_WARN_UNUSED_VARIABLE = YES;
				IPHONEOS_DEPLOYMENT_TARGET = 12.1;
				MTL_ENABLE_DEBUG_INFO = INCLUDE_SOURCE;
				MTL_FAST_MATH = YES;
				ONLY_ACTIVE_ARCH = YES;
				SDKROOT = iphoneos;
			};
			name = Debug;
		};
		18054A5222D6D78200325A26 /* Release */ = {
			isa = XCBuildConfiguration;
			buildSettings = {
				ALWAYS_SEARCH_USER_PATHS = NO;
				CLANG_ANALYZER_NONNULL = YES;
				CLANG_ANALYZER_NUMBER_OBJECT_CONVERSION = YES_AGGRESSIVE;
				CLANG_CXX_LANGUAGE_STANDARD = "gnu++14";
				CLANG_CXX_LIBRARY = "libc++";
				CLANG_ENABLE_MODULES = YES;
				CLANG_ENABLE_OBJC_ARC = YES;
				CLANG_ENABLE_OBJC_WEAK = YES;
				CLANG_WARN_BLOCK_CAPTURE_AUTORELEASING = YES;
				CLANG_WARN_BOOL_CONVERSION = YES;
				CLANG_WARN_COMMA = YES;
				CLANG_WARN_CONSTANT_CONVERSION = YES;
				CLANG_WARN_DEPRECATED_OBJC_IMPLEMENTATIONS = YES;
				CLANG_WARN_DIRECT_OBJC_ISA_USAGE = YES_ERROR;
				CLANG_WARN_DOCUMENTATION_COMMENTS = YES;
				CLANG_WARN_EMPTY_BODY = YES;
				CLANG_WARN_ENUM_CONVERSION = YES;
				CLANG_WARN_INFINITE_RECURSION = YES;
				CLANG_WARN_INT_CONVERSION = YES;
				CLANG_WARN_NON_LITERAL_NULL_CONVERSION = YES;
				CLANG_WARN_OBJC_IMPLICIT_RETAIN_SELF = YES;
				CLANG_WARN_OBJC_LITERAL_CONVERSION = YES;
				CLANG_WARN_OBJC_ROOT_CLASS = YES_ERROR;
				CLANG_WARN_RANGE_LOOP_ANALYSIS = YES;
				CLANG_WARN_STRICT_PROTOTYPES = YES;
				CLANG_WARN_SUSPICIOUS_MOVE = YES;
				CLANG_WARN_UNGUARDED_AVAILABILITY = YES_AGGRESSIVE;
				CLANG_WARN_UNREACHABLE_CODE = YES;
				CLANG_WARN__DUPLICATE_METHOD_MATCH = YES;
				CODE_SIGN_IDENTITY = "iPhone Developer";
				COPY_PHASE_STRIP = NO;
				DEBUG_INFORMATION_FORMAT = "dwarf-with-dsym";
				ENABLE_NS_ASSERTIONS = NO;
				ENABLE_STRICT_OBJC_MSGSEND = YES;
				GCC_C_LANGUAGE_STANDARD = gnu11;
				GCC_NO_COMMON_BLOCKS = YES;
				GCC_WARN_64_TO_32_BIT_CONVERSION = YES;
				GCC_WARN_ABOUT_RETURN_TYPE = YES_ERROR;
				GCC_WARN_UNDECLARED_SELECTOR = YES;
				GCC_WARN_UNINITIALIZED_AUTOS = YES_AGGRESSIVE;
				GCC_WARN_UNUSED_FUNCTION = YES;
				GCC_WARN_UNUSED_VARIABLE = YES;
				IPHONEOS_DEPLOYMENT_TARGET = 12.1;
				MTL_ENABLE_DEBUG_INFO = NO;
				MTL_FAST_MATH = YES;
				SDKROOT = iphoneos;
				VALIDATE_PRODUCT = YES;
			};
			name = Release;
		};
		18054A5422D6D78200325A26 /* Debug */ = {
			isa = XCBuildConfiguration;
			buildSettings = {
				ASSETCATALOG_COMPILER_APPICON_NAME = AppIcon;
				CODE_SIGN_STYLE = Automatic;
				DEVELOPMENT_TEAM = LTFDPRYSH8;
				INFOPLIST_FILE = testAudio/Info.plist;
				LD_RUNPATH_SEARCH_PATHS = (
					"$(inherited)",
					"@executable_path/Frameworks",
				);
				PRODUCT_BUNDLE_IDENTIFIER = com.ruanmeng.testAudio;
				PRODUCT_NAME = "$(TARGET_NAME)";
				TARGETED_DEVICE_FAMILY = "1,2";
			};
			name = Debug;
		};
		18054A5522D6D78200325A26 /* Release */ = {
			isa = XCBuildConfiguration;
			buildSettings = {
				ASSETCATALOG_COMPILER_APPICON_NAME = AppIcon;
				CODE_SIGN_STYLE = Automatic;
				DEVELOPMENT_TEAM = LTFDPRYSH8;
				INFOPLIST_FILE = testAudio/Info.plist;
				LD_RUNPATH_SEARCH_PATHS = (
					"$(inherited)",
					"@executable_path/Frameworks",
				);
				PRODUCT_BUNDLE_IDENTIFIER = com.ruanmeng.testAudio;
				PRODUCT_NAME = "$(TARGET_NAME)";
				TARGETED_DEVICE_FAMILY = "1,2";
			};
			name = Release;
		};
/* End XCBuildConfiguration section */

/* Begin XCConfigurationList section */
		18054A3822D6D78100325A26 /* Build configuration list for PBXProject "testAudio" */ = {
			isa = XCConfigurationList;
			buildConfigurations = (
				18054A5122D6D78200325A26 /* Debug */,
				18054A5222D6D78200325A26 /* Release */,
			);
			defaultConfigurationIsVisible = 0;
			defaultConfigurationName = Release;
		};
		18054A5322D6D78200325A26 /* Build configuration list for PBXNativeTarget "testAudio" */ = {
			isa = XCConfigurationList;
			buildConfigurations = (
				18054A5422D6D78200325A26 /* Debug */,
				18054A5522D6D78200325A26 /* Release */,
			);
			defaultConfigurationIsVisible = 0;
			defaultConfigurationName = Release;
		};
/* End XCConfigurationList section */
	};
	rootObject = 18054A3522D6D78100325A26 /* Project object */;
}
